<?xml version="1.0" encoding="utf-8"?>
<Project ToolsVersion="4.0" xmlns="http://schemas.microsoft.com/developer/msbuild/2003">
  <ItemGroup>
    <Filter Include="Source Files">
      <UniqueIdentifier>{4FC737F1-C7A5-4376-A066-2A32D752A2FF}</UniqueIdentifier>
      <Extensions>cpp;c;cc;cxx;c++;cppm;ixx;def;odl;idl;hpj;bat;asm;asmx</Extensions>
    </Filter>
    <Filter Include="Resource Files">
      <UniqueIdentifier>{67DA6AB6-F800-4c08-8B7A-83BB121AAD01}</UniqueIdentifier>
      <Extensions>rc;ico;cur;bmp;dlg;rc2;rct;bin;rgs;gif;jpg;jpeg;jpe;resx;tiff;tif;png;wav;mfcribbon-ms</Extensions>
    </Filter>
    <Filter Include="Header Files">
      <UniqueIdentifier>{93995380-89BD-4b04-88EB-625FBE52EBFB}</UniqueIdentifier>
      <Extensions>h;hh;hpp;hxx;h++;hm;inl;inc;ipp;xsd</Extensions>
    </Filter>
    <Filter Include="Source Files\include">
      <UniqueIdentifier>{1c6e1cce-fe8d-48c3-99d4-77a6d9a6b935}</UniqueIdentifier>
    </Filter>
  </ItemGroup>
  <ItemGroup>
    <ClCompile Include="grant_app.cpp">
      <Filter>Source Files</Filter>
    </ClCompile>
    <ClCompile Include="shape.h">
      <Filter>Source Files\include</Filter>
    </ClCompile>
    <ClCompile Include="core_data.h">
      <Filter>Source Files\include</Filter>
    </ClCompile>
    <ClCompile Include="core_data.cpp">
      <Filter>Source Files</Filter>
    </ClCompile>
    <ClCompile Include="file_system.cpp">
      <Filter>Source Files</Filter>
    </ClCompile>
    <ClCompile Include="preferences.cpp">
      <Filter>Source Files</Filter>
    </ClCompile>
    <ClCompile Include="utils.cpp">
      <Filter>Source Files</Filter>
    </ClCompile>
    <ClCompile Include="menu.cpp">
      <Filter>Source Files</Filter>
    </ClCompile>
    <ClCompile Include="circle_clipping.cpp">
      <Filter>Source Files</Filter>
    </ClCompile>
    <ClCompile Include="smiley.cpp">
      <Filter>Source Files</Filter>
    </ClCompile>
    <ClCompile Include="line.cpp">
      <Filter>Source Files</Filter>
    </ClCompile>
    <ClCompile Include="mouse_handler.cpp">
      <Filter>Source Files</Filter>
    </ClCompile>
    <ClCompile Include="advanced_gui_menu.cpp">
      <Filter>Source Files</Filter>
    </ClCompile>
    <ClCompile Include="ellipse.cpp">
      <Filter>Source Files</Filter>
    </ClCompile>
    <ClCompile Include="circles.cpp">
      <Filter>Source Files</Filter>
    </ClCompile>
    <ClCompile Include="curve.cpp">
      <Filter>Source Files</Filter>
    </ClCompile>
    <ClCompile Include="globals.cpp">
      <Filter>Source Files</Filter>
    </ClCompile>
    <ClCompile Include="filling.cpp">
      <Filter>Source Files</Filter>
    </ClCompile>
  </ItemGroup>
  <ItemGroup>
    <ClInclude Include="file_system.h">
      <Filter>Source Files\include</Filter>
    </ClInclude>
    <ClInclude Include="preferences.h">
      <Filter>Source Files\include</Filter>
    </ClInclude>
    <ClInclude Include="utils.h">
      <Filter>Source Files\include</Filter>
    </ClInclude>
    <ClInclude Include="menu.h">
      <Filter>Source Files\include</Filter>
    </ClInclude>
    <ClInclude Include="circle_clipping.h">
      <Filter>Source Files\include</Filter>
    </ClInclude>
    <ClInclude Include="smiley.h">
      <Filter>Source Files\include</Filter>
    </ClInclude>
    <ClInclude Include="line.h">
      <Filter>Source Files\include</Filter>
    </ClInclude>
    <ClInclude Include="mouse_handler.h">
      <Filter>Source Files\include</Filter>
    </ClInclude>
    <ClInclude Include="advanced_gui.h">
      <Filter>Source Files\include</Filter>
    </ClInclude>
    <ClInclude Include="ellipse.h">
      <Filter>Source Files\include</Filter>
    </ClInclude>
    <ClInclude Include="circles.h">
      <Filter>Source Files\include</Filter>
    </ClInclude>
    <ClInclude Include="curve.h">
      <Filter>Source Files\include</Filter>
    </ClInclude>
    <ClInclude Include="filling.h">
      <Filter>Source Files\include</Filter>
    </ClInclude>
    <ClInclude Include="Globals.h">
      <Filter>Source Files\include</Filter>
    </ClInclude>
  </ItemGroup>
</Project>